// !$*UTF8*$!
{
	archiveVersion = 1;
	classes = {
	};
	objectVersion = 46;
	objects = {

/* Begin PBXBuildFile section */
		1FB832C81F99CC7A00909014 /* main.m in Sources */ = {isa = PBXBuildFile; fileRef = 1FB832C71F99CC7A00909014 /* main.m */; };
		1FB832CB1F99CC7A00909014 /* AppDelegate.m in Sources */ = {isa = PBXBuildFile; fileRef = 1FB832CA1F99CC7A00909014 /* AppDelegate.m */; };
		1FB832CE1F99CC7A00909014 /* ViewController.m in Sources */ = {isa = PBXBuildFile; fileRef = 1FB832CD1F99CC7A00909014 /* ViewController.m */; };
		1FB832D11F99CC7A00909014 /* Main.storyboard in Resources */ = {isa = PBXBuildFile; fileRef = 1FB832CF1F99CC7A00909014 /* Main.storyboard */; };
		1FB832D31F99CC7A00909014 /* Assets.xcassets in Resources */ = {isa = PBXBuildFile; fileRef = 1FB832D21F99CC7A00909014 /* Assets.xcassets */; };
		1FB832D61F99CC7A00909014 /* LaunchScreen.storyboard in Resources */ = {isa = PBXBuildFile; fileRef = 1FB832D41F99CC7A00909014 /* LaunchScreen.storyboard */; };
		1FB832E11F99CC7A00909014 /* ProjectEulerTests.m in Sources */ = {isa = PBXBuildFile; fileRef = 1FB832E01F99CC7A00909014 /* ProjectEulerTests.m */; };
		1FB832EC1F99CC7A00909014 /* ProjectEulerUITests.m in Sources */ = {isa = PBXBuildFile; fileRef = 1FB832EB1F99CC7A00909014 /* ProjectEulerUITests.m */; };
		1FB832FC1F99CD0800909014 /* Problem025.m in Sources */ = {isa = PBXBuildFile; fileRef = 1FB832FB1F99CD0800909014 /* Problem025.m */; };
/* End PBXBuildFile section */

/* Begin PBXContainerItemProxy section */
		1FB832DD1F99CC7A00909014 /* PBXContainerItemProxy */ = {
			isa = PBXContainerItemProxy;
			containerPortal = 1FB832BB1F99CC7A00909014 /* Project object */;
			proxyType = 1;
			remoteGlobalIDString = 1FB832C21F99CC7A00909014;
			remoteInfo = ProjectEuler;
		};
		1FB832E81F99CC7A00909014 /* PBXContainerItemProxy */ = {
			isa = PBXContainerItemProxy;
			containerPortal = 1FB832BB1F99CC7A00909014 /* Project object */;
			proxyType = 1;
			remoteGlobalIDString = 1FB832C21F99CC7A00909014;
			remoteInfo = ProjectEuler;
		};
/* End PBXContainerItemProxy section */

/* Begin PBXFileReference section */
		1FB832C31F99CC7A00909014 /* ProjectEuler.app */ = {isa = PBXFileReference; explicitFileType = wrapper.application; includeInIndex = 0; path = ProjectEuler.app; sourceTree = BUILT_PRODUCTS_DIR; };
		1FB832C71F99CC7A00909014 /* main.m */ = {isa = PBXFileReference; lastKnownFileType = sourcecode.c.objc; path = main.m; sourceTree = "<group>"; };
		1FB832C91F99CC7A00909014 /* AppDelegate.h */ = {isa = PBXFileReference; lastKnownFileType = sourcecode.c.h; path = AppDelegate.h; sourceTree = "<group>"; };
		1FB832CA1F99CC7A00909014 /* AppDelegate.m */ = {isa = PBXFileReference; lastKnownFileType = sourcecode.c.objc; path = AppDelegate.m; sourceTree = "<group>"; };
		1FB832CC1F99CC7A00909014 /* ViewController.h */ = {isa = PBXFileReference; lastKnownFileType = sourcecode.c.h; path = ViewController.h; sourceTree = "<group>"; };
		1FB832CD1F99CC7A00909014 /* ViewController.m */ = {isa = PBXFileReference; lastKnownFileType = sourcecode.c.objc; path = ViewController.m; sourceTree = "<group>"; };
		1FB832D01F99CC7A00909014 /* Base */ = {isa = PBXFileReference; lastKnownFileType = file.storyboard; name = Base; path = Base.lproj/Main.storyboard; sourceTree = "<group>"; };
		1FB832D21F99CC7A00909014 /* Assets.xcassets */ = {isa = PBXFileReference; lastKnownFileType = folder.assetcatalog; path = Assets.xcassets; sourceTree = "<group>"; };
		1FB832D51F99CC7A00909014 /* Base */ = {isa = PBXFileReference; lastKnownFileType = file.storyboard; name = Base; path = Base.lproj/LaunchScreen.storyboard; sourceTree = "<group>"; };
		1FB832D71F99CC7A00909014 /* Info.plist */ = {isa = PBXFileReference; lastKnownFileType = text.plist.xml; path = Info.plist; sourceTree = "<group>"; };
		1FB832DC1F99CC7A00909014 /* ProjectEulerTests.xctest */ = {isa = PBXFileReference; explicitFileType = wrapper.cfbundle; includeInIndex = 0; path = ProjectEulerTests.xctest; sourceTree = BUILT_PRODUCTS_DIR; };
		1FB832E01F99CC7A00909014 /* ProjectEulerTests.m */ = {isa = PBXFileReference; lastKnownFileType = sourcecode.c.objc; path = ProjectEulerTests.m; sourceTree = "<group>"; };
		1FB832E21F99CC7A00909014 /* Info.plist */ = {isa = PBXFileReference; lastKnownFileType = text.plist.xml; path = Info.plist; sourceTree = "<group>"; };
		1FB832E71F99CC7A00909014 /* ProjectEulerUITests.xctest */ = {isa = PBXFileReference; explicitFileType = wrapper.cfbundle; includeInIndex = 0; path = ProjectEulerUITests.xctest; sourceTree = BUILT_PRODUCTS_DIR; };
		1FB832EB1F99CC7A00909014 /* ProjectEulerUITests.m */ = {isa = PBXFileReference; lastKnownFileType = sourcecode.c.objc; path = ProjectEulerUITests.m; sourceTree = "<group>"; };
		1FB832ED1F99CC7A00909014 /* Info.plist */ = {isa = PBXFileReference; lastKnownFileType = text.plist.xml; path = Info.plist; sourceTree = "<group>"; };
		1FB832FA1F99CD0800909014 /* Problem025.h */ = {isa = PBXFileReference; fileEncoding = 4; lastKnownFileType = sourcecode.c.h; path = Problem025.h; sourceTree = "<group>"; };
		1FB832FB1F99CD0800909014 /* Problem025.m */ = {isa = PBXFileReference; fileEncoding = 4; lastKnownFileType = sourcecode.c.objc; path = Problem025.m; sourceTree = "<group>"; };
/* End PBXFileReference section */

/* Begin PBXFrameworksBuildPhase section */
		1FB832C01F99CC7A00909014 /* Frameworks */ = {
			isa = PBXFrameworksBuildPhase;
			buildActionMask = 2147483647;
			files = (
			);
			runOnlyForDeploymentPostprocessing = 0;
		};
		1FB832D91F99CC7A00909014 /* Frameworks */ = {
			isa = PBXFrameworksBuildPhase;
			buildActionMask = 2147483647;
			files = (
			);
			runOnlyForDeploymentPostprocessing = 0;
		};
		1FB832E41F99CC7A00909014 /* Frameworks */ = {
			isa = PBXFrameworksBuildPhase;
			buildActionMask = 2147483647;
			files = (
			);
			runOnlyForDeploymentPostprocessing = 0;
		};
/* End PBXFrameworksBuildPhase section */

/* Begin PBXGroup section */
		1FB832BA1F99CC7A00909014 = {
			isa = PBXGroup;
			children = (
				1FB832C51F99CC7A00909014 /* ProjectEuler */,
				1FB832DF1F99CC7A00909014 /* ProjectEulerTests */,
				1FB832EA1F99CC7A00909014 /* ProjectEulerUITests */,
				1FB832C41F99CC7A00909014 /* Products */,
			);
			sourceTree = "<group>";
		};
		1FB832C41F99CC7A00909014 /* Products */ = {
			isa = PBXGroup;
			children = (
				1FB832C31F99CC7A00909014 /* ProjectEuler.app */,
				1FB832DC1F99CC7A00909014 /* ProjectEulerTests.xctest */,
				1FB832E71F99CC7A00909014 /* ProjectEulerUITests.xctest */,
			);
			name = Products;
			sourceTree = "<group>";
		};
		1FB832C51F99CC7A00909014 /* ProjectEuler */ = {
			isa = PBXGroup;
			children = (
				1FB832F91F99CC9500909014 /* ProblumsNumber */,
				1FB832C91F99CC7A00909014 /* AppDelegate.h */,
				1FB832CA1F99CC7A00909014 /* AppDelegate.m */,
				1FB832CC1F99CC7A00909014 /* ViewController.h */,
				1FB832CD1F99CC7A00909014 /* ViewController.m */,
				1FB832CF1F99CC7A00909014 /* Main.storyboard */,
				1FB832D21F99CC7A00909014 /* Assets.xcassets */,
				1FB832D41F99CC7A00909014 /* LaunchScreen.storyboard */,
				1FB832D71F99CC7A00909014 /* Info.plist */,
				1FB832C61F99CC7A00909014 /* Supporting Files */,
			);
			path = ProjectEuler;
			sourceTree = "<group>";
		};
		1FB832C61F99CC7A00909014 /* Supporting Files */ = {
			isa = PBXGroup;
			children = (
				1FB832C71F99CC7A00909014 /* main.m */,
			);
			name = "Supporting Files";
			sourceTree = "<group>";
		};
		1FB832DF1F99CC7A00909014 /* ProjectEulerTests */ = {
			isa = PBXGroup;
			children = (
				1FB832E01F99CC7A00909014 /* ProjectEulerTests.m */,
				1FB832E21F99CC7A00909014 /* Info.plist */,
			);
			path = ProjectEulerTests;
			sourceTree = "<group>";
		};
		1FB832EA1F99CC7A00909014 /* ProjectEulerUITests */ = {
			isa = PBXGroup;
			children = (
				1FB832EB1F99CC7A00909014 /* ProjectEulerUITests.m */,
				1FB832ED1F99CC7A00909014 /* Info.plist */,
			);
			path = ProjectEulerUITests;
			sourceTree = "<group>";
		};
		1FB832F91F99CC9500909014 /* ProblumsNumber */ = {
			isa = PBXGroup;
			children = (
				1FB832FA1F99CD0800909014 /* Problem025.h */,
				1FB832FB1F99CD0800909014 /* Problem025.m */,
			);
			name = ProblumsNumber;
			sourceTree = "<group>";
		};
/* End PBXGroup section */

/* Begin PBXNativeTarget section */
		1FB832C21F99CC7A00909014 /* ProjectEuler */ = {
			isa = PBXNativeTarget;
			buildConfigurationList = 1FB832F01F99CC7A00909014 /* Build configuration list for PBXNativeTarget "ProjectEuler" */;
			buildPhases = (
				1FB832BF1F99CC7A00909014 /* Sources */,
				1FB832C01F99CC7A00909014 /* Frameworks */,
				1FB832C11F99CC7A00909014 /* Resources */,
			);
			buildRules = (
			);
			dependencies = (
			);
			name = ProjectEuler;
			productName = ProjectEuler;
			productReference = 1FB832C31F99CC7A00909014 /* ProjectEuler.app */;
			productType = "com.apple.product-type.application";
		};
		1FB832DB1F99CC7A00909014 /* ProjectEulerTests */ = {
			isa = PBXNativeTarget;
			buildConfigurationList = 1FB832F31F99CC7A00909014 /* Build configuration list for PBXNativeTarget "ProjectEulerTests" */;
			buildPhases = (
				1FB832D81F99CC7A00909014 /* Sources */,
				1FB832D91F99CC7A00909014 /* Frameworks */,
				1FB832DA1F99CC7A00909014 /* Resources */,
			);
			buildRules = (
			);
			dependencies = (
				1FB832DE1F99CC7A00909014 /* PBXTargetDependency */,
			);
			name = ProjectEulerTests;
			productName = ProjectEulerTests;
			productReference = 1FB832DC1F99CC7A00909014 /* ProjectEulerTests.xctest */;
			productType = "com.apple.product-type.bundle.unit-test";
		};
		1FB832E61F99CC7A00909014 /* ProjectEulerUITests */ = {
			isa = PBXNativeTarget;
			buildConfigurationList = 1FB832F61F99CC7A00909014 /* Build configuration list for PBXNativeTarget "ProjectEulerUITests" */;
			buildPhases = (
				1FB832E31F99CC7A00909014 /* Sources */,
				1FB832E41F99CC7A00909014 /* Frameworks */,
				1FB832E51F99CC7A00909014 /* Resources */,
			);
			buildRules = (
			);
			dependencies = (
				1FB832E91F99CC7A00909014 /* PBXTargetDependency */,
			);
			name = ProjectEulerUITests;
			productName = ProjectEulerUITests;
			productReference = 1FB832E71F99CC7A00909014 /* ProjectEulerUITests.xctest */;
			productType = "com.apple.product-type.bundle.ui-testing";
		};
/* End PBXNativeTarget section */

/* Begin PBXProject section */
		1FB832BB1F99CC7A00909014 /* Project object */ = {
			isa = PBXProject;
			attributes = {
				LastUpgradeCheck = 0830;
				ORGANIZATIONNAME = mteletech;
				TargetAttributes = {
					1FB832C21F99CC7A00909014 = {
						CreatedOnToolsVersion = 8.3.3;
						ProvisioningStyle = Automatic;
					};
					1FB832DB1F99CC7A00909014 = {
						CreatedOnToolsVersion = 8.3.3;
						ProvisioningStyle = Automatic;
						TestTargetID = 1FB832C21F99CC7A00909014;
					};
					1FB832E61F99CC7A00909014 = {
						CreatedOnToolsVersion = 8.3.3;
						ProvisioningStyle = Automatic;
						TestTargetID = 1FB832C21F99CC7A00909014;
					};
				};
			};
			buildConfigurationList = 1FB832BE1F99CC7A00909014 /* Build configuration list for PBXProject "ProjectEuler" */;
			compatibilityVersion = "Xcode 3.2";
			developmentRegion = English;
			hasScannedForEncodings = 0;
			knownRegions = (
				en,
				Base,
			);
			mainGroup = 1FB832BA1F99CC7A00909014;
			productRefGroup = 1FB832C41F99CC7A00909014 /* Products */;
			projectDirPath = "";
			projectRoot = "";
			targets = (
				1FB832C21F99CC7A00909014 /* ProjectEuler */,
				1FB832DB1F99CC7A00909014 /* ProjectEulerTests */,
				1FB832E61F99CC7A00909014 /* ProjectEulerUITests */,
			);
		};
/* End PBXProject section */

/* Begin PBXResourcesBuildPhase section */
		1FB832C11F99CC7A00909014 /* Resources */ = {
			isa = PBXResourcesBuildPhase;
			buildActionMask = 2147483647;
			files = (
				1FB832D61F99CC7A00909014 /* LaunchScreen.storyboard in Resources */,
				1FB832D31F99CC7A00909014 /* Assets.xcassets in Resources */,
				1FB832D11F99CC7A00909014 /* Main.storyboard in Resources */,
			);
			runOnlyForDeploymentPostprocessing = 0;
		};
		1FB832DA1F99CC7A00909014 /* Resources */ = {
			isa = PBXResourcesBuildPhase;
			buildActionMask = 2147483647;
			files = (
			);
			runOnlyForDeploymentPostprocessing = 0;
		};
		1FB832E51F99CC7A00909014 /* Resources */ = {
			isa = PBXResourcesBuildPhase;
			buildActionMask = 2147483647;
			files = (
			);
			runOnlyForDeploymentPostprocessing = 0;
		};
/* End PBXResourcesBuildPhase section */

/* Begin PBXSourcesBuildPhase section */
		1FB832BF1F99CC7A00909014 /* Sources */ = {
			isa = PBXSourcesBuildPhase;
			buildActionMask = 2147483647;
			files = (
				1FB832CE1F99CC7A00909014 /* ViewController.m in Sources */,
				1FB832CB1F99CC7A00909014 /* AppDelegate.m in Sources */,
				1FB832C81F99CC7A00909014 /* main.m in Sources */,
				1FB832FC1F99CD0800909014 /* Problem025.m in Sources */,
			);
			runOnlyForDeploymentPostprocessing = 0;
		};
		1FB832D81F99CC7A00909014 /* Sources */ = {
			isa = PBXSourcesBuildPhase;
			buildActionMask = 2147483647;
			files = (
				1FB832E11F99CC7A00909014 /* ProjectEulerTests.m in Sources */,
			);
			runOnlyForDeploymentPostprocessing = 0;
		};
		1FB832E31F99CC7A00909014 /* Sources */ = {
			isa = PBXSourcesBuildPhase;
			buildActionMask = 2147483647;
			files = (
				1FB832EC1F99CC7A00909014 /* ProjectEulerUITests.m in Sources */,
			);
			runOnlyForDeploymentPostprocessing = 0;
		};
/* End PBXSourcesBuildPhase section */

/* Begin PBXTargetDependency section */
		1FB832DE1F99CC7A00909014 /* PBXTargetDependency */ = {
			isa = PBXTargetDependency;
			target = 1FB832C21F99CC7A00909014 /* ProjectEuler */;
			targetProxy = 1FB832DD1F99CC7A00909014 /* PBXContainerItemProxy */;
		};
		1FB832E91F99CC7A00909014 /* PBXTargetDependency */ = {
			isa = PBXTargetDependency;
			target = 1FB832C21F99CC7A00909014 /* ProjectEuler */;
			targetProxy = 1FB832E81F99CC7A00909014 /* PBXContainerItemProxy */;
		};
/* End PBXTargetDependency section */

/* Begin PBXVariantGroup section */
		1FB832CF1F99CC7A00909014 /* Main.storyboard */ = {
			isa = PBXVariantGroup;
			children = (
				1FB832D01F99CC7A00909014 /* Base */,
			);
			name = Main.storyboard;
			sourceTree = "<group>";
		};
		1FB832D41F99CC7A00909014 /* LaunchScreen.storyboard */ = {
			isa = PBXVariantGroup;
			children = (
				1FB832D51F99CC7A00909014 /* Base */,
			);
			name = LaunchScreen.storyboard;
			sourceTree = "<group>";
		};
/* End PBXVariantGroup section */

/* Begin XCBuildConfiguration section */
		1FB832EE1F99CC7A00909014 /* Debug */ = {
			isa = XCBuildConfiguration;
			buildSettings = {
				ALWAYS_SEARCH_USER_PATHS = NO;
				CLANG_ANALYZER_NONNULL = YES;
				CLANG_ANALYZER_NUMBER_OBJECT_CONVERSION = YES_AGGRESSIVE;
				CLANG_CXX_LANGUAGE_STANDARD = "gnu++0x";
				CLANG_CXX_LIBRARY = "libc++";
				CLANG_ENABLE_MODULES = YES;
				CLANG_ENABLE_OBJC_ARC = YES;
				CLANG_WARN_BOOL_CONVERSION = YES;
				CLANG_WARN_CONSTANT_CONVERSION = YES;
				CLANG_WARN_DIRECT_OBJC_ISA_USAGE = YES_ERROR;
				CLANG_WARN_DOCUMENTATION_COMMENTS = YES;
				CLANG_WARN_EMPTY_BODY = YES;
				CLANG_WARN_ENUM_CONVERSION = YES;
				CLANG_WARN_INFINITE_RECURSION = YES;
				CLANG_WARN_INT_CONVERSION = YES;
				CLANG_WARN_OBJC_ROOT_CLASS = YES_ERROR;
				CLANG_WARN_SUSPICIOUS_MOVE = YES;
				CLANG_WARN_UNREACHABLE_CODE = YES;
				CLANG_WARN__DUPLICATE_METHOD_MATCH = YES;
				"CODE_SIGN_IDENTITY[sdk=iphoneos*]" = "iPhone Developer";
				COPY_PHASE_STRIP = NO;
				DEBUG_INFORMATION_FORMAT = dwarf;
				ENABLE_STRICT_OBJC_MSGSEND = YES;
				ENABLE_TESTABILITY = YES;
				GCC_C_LANGUAGE_STANDARD = gnu99;
				GCC_DYNAMIC_NO_PIC = NO;
				GCC_NO_COMMON_BLOCKS = YES;
				GCC_OPTIMIZATION_LEVEL = 0;
				GCC_PREPROCESSOR_DEFINITIONS = (
					"DEBUG=1",
					"$(inherited)",
				);
				GCC_WARN_64_TO_32_BIT_CONVERSION = YES;
				GCC_WARN_ABOUT_RETURN_TYPE = YES_ERROR;
				GCC_WARN_UNDECLARED_SELECTOR = YES;
				GCC_WARN_UNINITIALIZED_AUTOS = YES_AGGRESSIVE;
				GCC_WARN_UNUSED_FUNCTION = YES;
				GCC_WARN_UNUSED_VARIABLE = YES;
				IPHONEOS_DEPLOYMENT_TARGET = 10.3;
				MTL_ENABLE_DEBUG_INFO = YES;
				ONLY_ACTIVE_ARCH = YES;
				SDKROOT = iphoneos;
			};
			name = Debug;
		};
		1FB832EF1F99CC7A00909014 /* Release */ = {
			isa = XCBuildConfiguration;
			buildSettings = {
				ALWAYS_SEARCH_USER_PATHS = NO;
				CLANG_ANALYZER_NONNULL = YES;
				CLANG_ANALYZER_NUMBER_OBJECT_CONVERSION = YES_AGGRESSIVE;
				CLANG_CXX_LANGUAGE_STANDARD = "gnu++0x";
				CLANG_CXX_LIBRARY = "libc++";
				CLANG_ENABLE_MODULES = YES;
				CLANG_ENABLE_OBJC_ARC = YES;
				CLANG_WARN_BOOL_CONVERSION = YES;
				CLANG_WARN_CONSTANT_CONVERSION = YES;
				CLANG_WARN_DIRECT_OBJC_ISA_USAGE = YES_ERROR;
				CLANG_WARN_DOCUMENTATION_COMMENTS = YES;
				CLANG_WARN_EMPTY_BODY = YES;
				CLANG_WARN_ENUM_CONVERSION = YES;
				CLANG_WARN_INFINITE_RECURSION = YES;
				CLANG_WARN_INT_CONVERSION = YES;
				CLANG_WARN_OBJC_ROOT_CLASS = YES_ERROR;
				CLANG_WARN_SUSPICIOUS_MOVE = YES;
				CLANG_WARN_UNREACHABLE_CODE = YES;
				CLANG_WARN__DUPLICATE_METHOD_MATCH = YES;
				"CODE_SIGN_IDENTITY[sdk=iphoneos*]" = "iPhone Developer";
				COPY_PHASE_STRIP = NO;
				DEBUG_INFORMATION_FORMAT = "dwarf-with-dsym";
				ENABLE_NS_ASSERTIONS = NO;
				ENABLE_STRICT_OBJC_MSGSEND = YES;
				GCC_C_LANGUAGE_STANDARD = gnu99;
				GCC_NO_COMMON_BLOCKS = YES;
				GCC_WARN_64_TO_32_BIT_CONVERSION = YES;
				GCC_WARN_ABOUT_RETURN_TYPE = YES_ERROR;
				GCC_WARN_UNDECLARED_SELECTOR = YES;
				GCC_WARN_UNINITIALIZED_AUTOS = YES_AGGRESSIVE;
				GCC_WARN_UNUSED_FUNCTION = YES;
				GCC_WARN_UNUSED_VARIABLE = YES;
				IPHONEOS_DEPLOYMENT_TARGET = 10.3;
				MTL_ENABLE_DEBUG_INFO = NO;
				SDKROOT = iphoneos;
				VALIDATE_PRODUCT = YES;
			};
			name = Release;
		};
		1FB832F11F99CC7A00909014 /* Debug */ = {
			isa = XCBuildConfiguration;
			buildSettings = {
				ASSETCATALOG_COMPILER_APPICON_NAME = AppIcon;
				INFOPLIST_FILE = ProjectEuler/Info.plist;
				LD_RUNPATH_SEARCH_PATHS = "$(inherited) @executable_path/Frameworks";
				PRODUCT_BUNDLE_IDENTIFIER = com.mttapp.ProjectEuler;
				PRODUCT_NAME = "$(TARGET_NAME)";
			};
			name = Debug;
		};
		1FB832F21F99CC7A00909014 /* Release */ = {
			isa = XCBuildConfiguration;
			buildSettings = {
				ASSETCATALOG_COMPILER_APPICON_NAME = AppIcon;
				INFOPLIST_FILE = ProjectEuler/Info.plist;
				LD_RUNPATH_SEARCH_PATHS = "$(inherited) @executable_path/Frameworks";
				PRODUCT_BUNDLE_IDENTIFIER = com.mttapp.ProjectEuler;
				PRODUCT_NAME = "$(TARGET_NAME)";
			};
			name = Release;
		};
		1FB832F41F99CC7A00909014 /* Debug */ = {
			isa = XCBuildConfiguration;
			buildSettings = {
				BUNDLE_LOADER = "$(TEST_HOST)";
				INFOPLIST_FILE = ProjectEulerTests/Info.plist;
				LD_RUNPATH_SEARCH_PATHS = "$(inherited) @executable_path/Frameworks @loader_path/Frameworks";
				PRODUCT_BUNDLE_IDENTIFIER = com.mttapp.ProjectEulerTests;
				PRODUCT_NAME = "$(TARGET_NAME)";
				TEST_HOST = "$(BUILT_PRODUCTS_DIR)/ProjectEuler.app/ProjectEuler";
			};
			name = Debug;
		};
		1FB832F51F99CC7A00909014 /* Release */ = {
			isa = XCBuildConfiguration;
			buildSettings = {
				BUNDLE_LOADER = "$(TEST_HOST)";
				INFOPLIST_FILE = ProjectEulerTests/Info.plist;
				LD_RUNPATH_SEARCH_PATHS = "$(inherited) @executable_path/Frameworks @loader_path/Frameworks";
				PRODUCT_BUNDLE_IDENTIFIER = com.mttapp.ProjectEulerTests;
				PRODUCT_NAME = "$(TARGET_NAME)";
				TEST_HOST = "$(BUILT_PRODUCTS_DIR)/ProjectEuler.app/ProjectEuler";
			};
			name = Release;
		};
		1FB832F71F99CC7A00909014 /* Debug */ = {
			isa = XCBuildConfiguration;
			buildSettings = {
				INFOPLIST_FILE = ProjectEulerUITests/Info.plist;
				LD_RUNPATH_SEARCH_PATHS = "$(inherited) @executable_path/Frameworks @loader_path/Frameworks";
				PRODUCT_BUNDLE_IDENTIFIER = com.mttapp.ProjectEulerUITests;
				PRODUCT_NAME = "$(TARGET_NAME)";
				TEST_TARGET_NAME = ProjectEuler;
			};
			name = Debug;
		};
		1FB832F81F99CC7A00909014 /* Release */ = {
			isa = XCBuildConfiguration;
			buildSettings = {
				INFOPLIST_FILE = ProjectEulerUITests/Info.plist;
				LD_RUNPATH_SEARCH_PATHS = "$(inherited) @executable_path/Frameworks @loader_path/Frameworks";
				PRODUCT_BUNDLE_IDENTIFIER = com.mttapp.ProjectEulerUITests;
				PRODUCT_NAME = "$(TARGET_NAME)";
				TEST_TARGET_NAME = ProjectEuler;
			};
			name = Release;
		};
/* End XCBuildConfiguration section */

/* Begin XCConfigurationList section */
		1FB832BE1F99CC7A00909014 /* Build configuration list for PBXProject "ProjectEuler" */ = {
			isa = XCConfigurationList;
			buildConfigurations = (
				1FB832EE1F99CC7A00909014 /* Debug */,
				1FB832EF1F99CC7A00909014 /* Release */,
			);
			defaultConfigurationIsVisible = 0;
			defaultConfigurationName = Release;
		};
		1FB832F01F99CC7A00909014 /* Build configuration list for PBXNativeTarget "ProjectEuler" */ = {
			isa = XCConfigurationList;
			buildConfigurations = (
				1FB832F11F99CC7A00909014 /* Debug */,
				1FB832F21F99CC7A00909014 /* Release */,
			);
			defaultConfigurationIsVisible = 0;
		};
		1FB832F31F99CC7A00909014 /* Build configuration list for PBXNativeTarget "ProjectEulerTests" */ = {
			isa = XCConfigurationList;
			buildConfigurations = (
				1FB832F41F99CC7A00909014 /* Debug */,
				1FB832F51F99CC7A00909014 /* Release */,
			);
			defaultConfigurationIsVisible = 0;
		};
		1FB832F61F99CC7A00909014 /* Build configuration list for PBXNativeTarget "ProjectEulerUITests" */ = {
			isa = XCConfigurationList;
			buildConfigurations = (
				1FB832F71F99CC7A00909014 /* Debug */,
				1FB832F81F99CC7A00909014 /* Release */,
			);
			defaultConfigurationIsVisible = 0;
		};
/* End XCConfigurationList section */
	};
	rootObject = 1FB832BB1F99CC7A00909014 /* Project object */;
}
