// !$*UTF8*$!
{
	archiveVersion = 1;
	classes = {
	};
	objectVersion = 46;
	objects = {

/* Begin PBXBuildFile section */
		C709DB031F4C1B7F001B5D62 /* main.m in Sources */ = {isa = PBXBuildFile; fileRef = C709DB021F4C1B7F001B5D62 /* main.m */; };
		C709DB061F4C1B7F001B5D62 /* AppDelegate.m in Sources */ = {isa = PBXBuildFile; fileRef = C709DB051F4C1B7F001B5D62 /* AppDelegate.m */; };
		C709DB091F4C1B7F001B5D62 /* ViewController.m in Sources */ = {isa = PBXBuildFile; fileRef = C709DB081F4C1B7F001B5D62 /* ViewController.m */; };
		C709DB0C1F4C1B7F001B5D62 /* Main.storyboard in Resources */ = {isa = PBXBuildFile; fileRef = C709DB0A1F4C1B7F001B5D62 /* Main.storyboard */; };
		C709DB0E1F4C1B7F001B5D62 /* Assets.xcassets in Resources */ = {isa = PBXBuildFile; fileRef = C709DB0D1F4C1B7F001B5D62 /* Assets.xcassets */; };
		C709DB111F4C1B7F001B5D62 /* LaunchScreen.storyboard in Resources */ = {isa = PBXBuildFile; fileRef = C709DB0F1F4C1B7F001B5D62 /* LaunchScreen.storyboard */; };
		C709DB1C1F4C1B7F001B5D62 /* LeanWidgetTests.m in Sources */ = {isa = PBXBuildFile; fileRef = C709DB1B1F4C1B7F001B5D62 /* LeanWidgetTests.m */; };
		C709DB271F4C1B7F001B5D62 /* LeanWidgetUITests.m in Sources */ = {isa = PBXBuildFile; fileRef = C709DB261F4C1B7F001B5D62 /* LeanWidgetUITests.m */; };
/* End PBXBuildFile section */

/* Begin PBXContainerItemProxy section */
		C709DB181F4C1B7F001B5D62 /* PBXContainerItemProxy */ = {
			isa = PBXContainerItemProxy;
			containerPortal = C709DAF61F4C1B7F001B5D62 /* Project object */;
			proxyType = 1;
			remoteGlobalIDString = C709DAFD1F4C1B7F001B5D62;
			remoteInfo = LeanWidget;
		};
		C709DB231F4C1B7F001B5D62 /* PBXContainerItemProxy */ = {
			isa = PBXContainerItemProxy;
			containerPortal = C709DAF61F4C1B7F001B5D62 /* Project object */;
			proxyType = 1;
			remoteGlobalIDString = C709DAFD1F4C1B7F001B5D62;
			remoteInfo = LeanWidget;
		};
/* End PBXContainerItemProxy section */

/* Begin PBXFileReference section */
		C709DAFE1F4C1B7F001B5D62 /* LeanWidget.app */ = {isa = PBXFileReference; explicitFileType = wrapper.application; includeInIndex = 0; path = LeanWidget.app; sourceTree = BUILT_PRODUCTS_DIR; };
		C709DB021F4C1B7F001B5D62 /* main.m */ = {isa = PBXFileReference; lastKnownFileType = sourcecode.c.objc; path = main.m; sourceTree = "<group>"; };
		C709DB041F4C1B7F001B5D62 /* AppDelegate.h */ = {isa = PBXFileReference; lastKnownFileType = sourcecode.c.h; path = AppDelegate.h; sourceTree = "<group>"; };
		C709DB051F4C1B7F001B5D62 /* AppDelegate.m */ = {isa = PBXFileReference; lastKnownFileType = sourcecode.c.objc; path = AppDelegate.m; sourceTree = "<group>"; };
		C709DB071F4C1B7F001B5D62 /* ViewController.h */ = {isa = PBXFileReference; lastKnownFileType = sourcecode.c.h; path = ViewController.h; sourceTree = "<group>"; };
		C709DB081F4C1B7F001B5D62 /* ViewController.m */ = {isa = PBXFileReference; lastKnownFileType = sourcecode.c.objc; path = ViewController.m; sourceTree = "<group>"; };
		C709DB0B1F4C1B7F001B5D62 /* Base */ = {isa = PBXFileReference; lastKnownFileType = file.storyboard; name = Base; path = Base.lproj/Main.storyboard; sourceTree = "<group>"; };
		C709DB0D1F4C1B7F001B5D62 /* Assets.xcassets */ = {isa = PBXFileReference; lastKnownFileType = folder.assetcatalog; path = Assets.xcassets; sourceTree = "<group>"; };
		C709DB101F4C1B7F001B5D62 /* Base */ = {isa = PBXFileReference; lastKnownFileType = file.storyboard; name = Base; path = Base.lproj/LaunchScreen.storyboard; sourceTree = "<group>"; };
		C709DB121F4C1B7F001B5D62 /* Info.plist */ = {isa = PBXFileReference; lastKnownFileType = text.plist.xml; path = Info.plist; sourceTree = "<group>"; };
		C709DB171F4C1B7F001B5D62 /* LeanWidgetTests.xctest */ = {isa = PBXFileReference; explicitFileType = wrapper.cfbundle; includeInIndex = 0; path = LeanWidgetTests.xctest; sourceTree = BUILT_PRODUCTS_DIR; };
		C709DB1B1F4C1B7F001B5D62 /* LeanWidgetTests.m */ = {isa = PBXFileReference; lastKnownFileType = sourcecode.c.objc; path = LeanWidgetTests.m; sourceTree = "<group>"; };
		C709DB1D1F4C1B7F001B5D62 /* Info.plist */ = {isa = PBXFileReference; lastKnownFileType = text.plist.xml; path = Info.plist; sourceTree = "<group>"; };
		C709DB221F4C1B7F001B5D62 /* LeanWidgetUITests.xctest */ = {isa = PBXFileReference; explicitFileType = wrapper.cfbundle; includeInIndex = 0; path = LeanWidgetUITests.xctest; sourceTree = BUILT_PRODUCTS_DIR; };
		C709DB261F4C1B7F001B5D62 /* LeanWidgetUITests.m */ = {isa = PBXFileReference; lastKnownFileType = sourcecode.c.objc; path = LeanWidgetUITests.m; sourceTree = "<group>"; };
		C709DB281F4C1B7F001B5D62 /* Info.plist */ = {isa = PBXFileReference; lastKnownFileType = text.plist.xml; path = Info.plist; sourceTree = "<group>"; };
/* End PBXFileReference section */

/* Begin PBXFrameworksBuildPhase section */
		C709DAFB1F4C1B7F001B5D62 /* Frameworks */ = {
			isa = PBXFrameworksBuildPhase;
			buildActionMask = 2147483647;
			files = (
			);
			runOnlyForDeploymentPostprocessing = 0;
		};
		C709DB141F4C1B7F001B5D62 /* Frameworks */ = {
			isa = PBXFrameworksBuildPhase;
			buildActionMask = 2147483647;
			files = (
			);
			runOnlyForDeploymentPostprocessing = 0;
		};
		C709DB1F1F4C1B7F001B5D62 /* Frameworks */ = {
			isa = PBXFrameworksBuildPhase;
			buildActionMask = 2147483647;
			files = (
			);
			runOnlyForDeploymentPostprocessing = 0;
		};
/* End PBXFrameworksBuildPhase section */

/* Begin PBXGroup section */
		C709DAF51F4C1B7F001B5D62 = {
			isa = PBXGroup;
			children = (
				C709DB001F4C1B7F001B5D62 /* LeanWidget */,
				C709DB1A1F4C1B7F001B5D62 /* LeanWidgetTests */,
				C709DB251F4C1B7F001B5D62 /* LeanWidgetUITests */,
				C709DAFF1F4C1B7F001B5D62 /* Products */,
			);
			sourceTree = "<group>";
		};
		C709DAFF1F4C1B7F001B5D62 /* Products */ = {
			isa = PBXGroup;
			children = (
				C709DAFE1F4C1B7F001B5D62 /* LeanWidget.app */,
				C709DB171F4C1B7F001B5D62 /* LeanWidgetTests.xctest */,
				C709DB221F4C1B7F001B5D62 /* LeanWidgetUITests.xctest */,
			);
			name = Products;
			sourceTree = "<group>";
		};
		C709DB001F4C1B7F001B5D62 /* LeanWidget */ = {
			isa = PBXGroup;
			children = (
				C709DB041F4C1B7F001B5D62 /* AppDelegate.h */,
				C709DB051F4C1B7F001B5D62 /* AppDelegate.m */,
				C709DB071F4C1B7F001B5D62 /* ViewController.h */,
				C709DB081F4C1B7F001B5D62 /* ViewController.m */,
				C709DB0A1F4C1B7F001B5D62 /* Main.storyboard */,
				C709DB0D1F4C1B7F001B5D62 /* Assets.xcassets */,
				C709DB0F1F4C1B7F001B5D62 /* LaunchScreen.storyboard */,
				C709DB121F4C1B7F001B5D62 /* Info.plist */,
				C709DB011F4C1B7F001B5D62 /* Supporting Files */,
			);
			path = LeanWidget;
			sourceTree = "<group>";
		};
		C709DB011F4C1B7F001B5D62 /* Supporting Files */ = {
			isa = PBXGroup;
			children = (
				C709DB021F4C1B7F001B5D62 /* main.m */,
			);
			name = "Supporting Files";
			sourceTree = "<group>";
		};
		C709DB1A1F4C1B7F001B5D62 /* LeanWidgetTests */ = {
			isa = PBXGroup;
			children = (
				C709DB1B1F4C1B7F001B5D62 /* LeanWidgetTests.m */,
				C709DB1D1F4C1B7F001B5D62 /* Info.plist */,
			);
			path = LeanWidgetTests;
			sourceTree = "<group>";
		};
		C709DB251F4C1B7F001B5D62 /* LeanWidgetUITests */ = {
			isa = PBXGroup;
			children = (
				C709DB261F4C1B7F001B5D62 /* LeanWidgetUITests.m */,
				C709DB281F4C1B7F001B5D62 /* Info.plist */,
			);
			path = LeanWidgetUITests;
			sourceTree = "<group>";
		};
/* End PBXGroup section */

/* Begin PBXNativeTarget section */
		C709DAFD1F4C1B7F001B5D62 /* LeanWidget */ = {
			isa = PBXNativeTarget;
			buildConfigurationList = C709DB2B1F4C1B7F001B5D62 /* Build configuration list for PBXNativeTarget "LeanWidget" */;
			buildPhases = (
				C709DAFA1F4C1B7F001B5D62 /* Sources */,
				C709DAFB1F4C1B7F001B5D62 /* Frameworks */,
				C709DAFC1F4C1B7F001B5D62 /* Resources */,
			);
			buildRules = (
			);
			dependencies = (
			);
			name = LeanWidget;
			productName = LeanWidget;
			productReference = C709DAFE1F4C1B7F001B5D62 /* LeanWidget.app */;
			productType = "com.apple.product-type.application";
		};
		C709DB161F4C1B7F001B5D62 /* LeanWidgetTests */ = {
			isa = PBXNativeTarget;
			buildConfigurationList = C709DB2E1F4C1B7F001B5D62 /* Build configuration list for PBXNativeTarget "LeanWidgetTests" */;
			buildPhases = (
				C709DB131F4C1B7F001B5D62 /* Sources */,
				C709DB141F4C1B7F001B5D62 /* Frameworks */,
				C709DB151F4C1B7F001B5D62 /* Resources */,
			);
			buildRules = (
			);
			dependencies = (
				C709DB191F4C1B7F001B5D62 /* PBXTargetDependency */,
			);
			name = LeanWidgetTests;
			productName = LeanWidgetTests;
			productReference = C709DB171F4C1B7F001B5D62 /* LeanWidgetTests.xctest */;
			productType = "com.apple.product-type.bundle.unit-test";
		};
		C709DB211F4C1B7F001B5D62 /* LeanWidgetUITests */ = {
			isa = PBXNativeTarget;
			buildConfigurationList = C709DB311F4C1B7F001B5D62 /* Build configuration list for PBXNativeTarget "LeanWidgetUITests" */;
			buildPhases = (
				C709DB1E1F4C1B7F001B5D62 /* Sources */,
				C709DB1F1F4C1B7F001B5D62 /* Frameworks */,
				C709DB201F4C1B7F001B5D62 /* Resources */,
			);
			buildRules = (
			);
			dependencies = (
				C709DB241F4C1B7F001B5D62 /* PBXTargetDependency */,
			);
			name = LeanWidgetUITests;
			productName = LeanWidgetUITests;
			productReference = C709DB221F4C1B7F001B5D62 /* LeanWidgetUITests.xctest */;
			productType = "com.apple.product-type.bundle.ui-testing";
		};
/* End PBXNativeTarget section */

/* Begin PBXProject section */
		C709DAF61F4C1B7F001B5D62 /* Project object */ = {
			isa = PBXProject;
			attributes = {
				LastUpgradeCheck = 0830;
				ORGANIZATIONNAME = "Yeongeun Song";
				TargetAttributes = {
					C709DAFD1F4C1B7F001B5D62 = {
						CreatedOnToolsVersion = 8.3.3;
						DevelopmentTeam = W4T94USG8M;
						ProvisioningStyle = Automatic;
					};
					C709DB161F4C1B7F001B5D62 = {
						CreatedOnToolsVersion = 8.3.3;
						DevelopmentTeam = W4T94USG8M;
						ProvisioningStyle = Automatic;
						TestTargetID = C709DAFD1F4C1B7F001B5D62;
					};
					C709DB211F4C1B7F001B5D62 = {
						CreatedOnToolsVersion = 8.3.3;
						DevelopmentTeam = W4T94USG8M;
						ProvisioningStyle = Automatic;
						TestTargetID = C709DAFD1F4C1B7F001B5D62;
					};
				};
			};
			buildConfigurationList = C709DAF91F4C1B7F001B5D62 /* Build configuration list for PBXProject "LeanWidget" */;
			compatibilityVersion = "Xcode 3.2";
			developmentRegion = English;
			hasScannedForEncodings = 0;
			knownRegions = (
				en,
				Base,
			);
			mainGroup = C709DAF51F4C1B7F001B5D62;
			productRefGroup = C709DAFF1F4C1B7F001B5D62 /* Products */;
			projectDirPath = "";
			projectRoot = "";
			targets = (
				C709DAFD1F4C1B7F001B5D62 /* LeanWidget */,
				C709DB161F4C1B7F001B5D62 /* LeanWidgetTests */,
				C709DB211F4C1B7F001B5D62 /* LeanWidgetUITests */,
			);
		};
/* End PBXProject section */

/* Begin PBXResourcesBuildPhase section */
		C709DAFC1F4C1B7F001B5D62 /* Resources */ = {
			isa = PBXResourcesBuildPhase;
			buildActionMask = 2147483647;
			files = (
				C709DB111F4C1B7F001B5D62 /* LaunchScreen.storyboard in Resources */,
				C709DB0E1F4C1B7F001B5D62 /* Assets.xcassets in Resources */,
				C709DB0C1F4C1B7F001B5D62 /* Main.storyboard in Resources */,
			);
			runOnlyForDeploymentPostprocessing = 0;
		};
		C709DB151F4C1B7F001B5D62 /* Resources */ = {
			isa = PBXResourcesBuildPhase;
			buildActionMask = 2147483647;
			files = (
			);
			runOnlyForDeploymentPostprocessing = 0;
		};
		C709DB201F4C1B7F001B5D62 /* Resources */ = {
			isa = PBXResourcesBuildPhase;
			buildActionMask = 2147483647;
			files = (
			);
			runOnlyForDeploymentPostprocessing = 0;
		};
/* End PBXResourcesBuildPhase section */

/* Begin PBXSourcesBuildPhase section */
		C709DAFA1F4C1B7F001B5D62 /* Sources */ = {
			isa = PBXSourcesBuildPhase;
			buildActionMask = 2147483647;
			files = (
				C709DB091F4C1B7F001B5D62 /* ViewController.m in Sources */,
				C709DB061F4C1B7F001B5D62 /* AppDelegate.m in Sources */,
				C709DB031F4C1B7F001B5D62 /* main.m in Sources */,
			);
			runOnlyForDeploymentPostprocessing = 0;
		};
		C709DB131F4C1B7F001B5D62 /* Sources */ = {
			isa = PBXSourcesBuildPhase;
			buildActionMask = 2147483647;
			files = (
				C709DB1C1F4C1B7F001B5D62 /* LeanWidgetTests.m in Sources */,
			);
			runOnlyForDeploymentPostprocessing = 0;
		};
		C709DB1E1F4C1B7F001B5D62 /* Sources */ = {
			isa = PBXSourcesBuildPhase;
			buildActionMask = 2147483647;
			files = (
				C709DB271F4C1B7F001B5D62 /* LeanWidgetUITests.m in Sources */,
			);
			runOnlyForDeploymentPostprocessing = 0;
		};
/* End PBXSourcesBuildPhase section */

/* Begin PBXTargetDependency section */
		C709DB191F4C1B7F001B5D62 /* PBXTargetDependency */ = {
			isa = PBXTargetDependency;
			target = C709DAFD1F4C1B7F001B5D62 /* LeanWidget */;
			targetProxy = C709DB181F4C1B7F001B5D62 /* PBXContainerItemProxy */;
		};
		C709DB241F4C1B7F001B5D62 /* PBXTargetDependency */ = {
			isa = PBXTargetDependency;
			target = C709DAFD1F4C1B7F001B5D62 /* LeanWidget */;
			targetProxy = C709DB231F4C1B7F001B5D62 /* PBXContainerItemProxy */;
		};
/* End PBXTargetDependency section */

/* Begin PBXVariantGroup section */
		C709DB0A1F4C1B7F001B5D62 /* Main.storyboard */ = {
			isa = PBXVariantGroup;
			children = (
				C709DB0B1F4C1B7F001B5D62 /* Base */,
			);
			name = Main.storyboard;
			sourceTree = "<group>";
		};
		C709DB0F1F4C1B7F001B5D62 /* LaunchScreen.storyboard */ = {
			isa = PBXVariantGroup;
			children = (
				C709DB101F4C1B7F001B5D62 /* Base */,
			);
			name = LaunchScreen.storyboard;
			sourceTree = "<group>";
		};
/* End PBXVariantGroup section */

/* Begin XCBuildConfiguration section */
		C709DB291F4C1B7F001B5D62 /* Debug */ = {
			isa = XCBuildConfiguration;
			buildSettings = {
				ALWAYS_SEARCH_USER_PATHS = NO;
				CLANG_ANALYZER_NONNULL = YES;
				CLANG_ANALYZER_NUMBER_OBJECT_CONVERSION = YES_AGGRESSIVE;
				CLANG_CXX_LANGUAGE_STANDARD = "gnu++0x";
				CLANG_CXX_LIBRARY = "libc++";
				CLANG_ENABLE_MODULES = YES;
				CLANG_ENABLE_OBJC_ARC = YES;
				CLANG_WARN_BOOL_CONVERSION = YES;
				CLANG_WARN_CONSTANT_CONVERSION = YES;
				CLANG_WARN_DIRECT_OBJC_ISA_USAGE = YES_ERROR;
				CLANG_WARN_DOCUMENTATION_COMMENTS = YES;
				CLANG_WARN_EMPTY_BODY = YES;
				CLANG_WARN_ENUM_CONVERSION = YES;
				CLANG_WARN_INFINITE_RECURSION = YES;
				CLANG_WARN_INT_CONVERSION = YES;
				CLANG_WARN_OBJC_ROOT_CLASS = YES_ERROR;
				CLANG_WARN_SUSPICIOUS_MOVE = YES;
				CLANG_WARN_UNREACHABLE_CODE = YES;
				CLANG_WARN__DUPLICATE_METHOD_MATCH = YES;
				"CODE_SIGN_IDENTITY[sdk=iphoneos*]" = "iPhone Developer";
				COPY_PHASE_STRIP = NO;
				DEBUG_INFORMATION_FORMAT = dwarf;
				ENABLE_STRICT_OBJC_MSGSEND = YES;
				ENABLE_TESTABILITY = YES;
				GCC_C_LANGUAGE_STANDARD = gnu99;
				GCC_DYNAMIC_NO_PIC = NO;
				GCC_NO_COMMON_BLOCKS = YES;
				GCC_OPTIMIZATION_LEVEL = 0;
				GCC_PREPROCESSOR_DEFINITIONS = (
					"DEBUG=1",
					"$(inherited)",
				);
				GCC_WARN_64_TO_32_BIT_CONVERSION = YES;
				GCC_WARN_ABOUT_RETURN_TYPE = YES_ERROR;
				GCC_WARN_UNDECLARED_SELECTOR = YES;
				GCC_WARN_UNINITIALIZED_AUTOS = YES_AGGRESSIVE;
				GCC_WARN_UNUSED_FUNCTION = YES;
				GCC_WARN_UNUSED_VARIABLE = YES;
				IPHONEOS_DEPLOYMENT_TARGET = 10.3;
				MTL_ENABLE_DEBUG_INFO = YES;
				ONLY_ACTIVE_ARCH = YES;
				SDKROOT = iphoneos;
				TARGETED_DEVICE_FAMILY = "1,2";
			};
			name = Debug;
		};
		C709DB2A1F4C1B7F001B5D62 /* Release */ = {
			isa = XCBuildConfiguration;
			buildSettings = {
				ALWAYS_SEARCH_USER_PATHS = NO;
				CLANG_ANALYZER_NONNULL = YES;
				CLANG_ANALYZER_NUMBER_OBJECT_CONVERSION = YES_AGGRESSIVE;
				CLANG_CXX_LANGUAGE_STANDARD = "gnu++0x";
				CLANG_CXX_LIBRARY = "libc++";
				CLANG_ENABLE_MODULES = YES;
				CLANG_ENABLE_OBJC_ARC = YES;
				CLANG_WARN_BOOL_CONVERSION = YES;
				CLANG_WARN_CONSTANT_CONVERSION = YES;
				CLANG_WARN_DIRECT_OBJC_ISA_USAGE = YES_ERROR;
				CLANG_WARN_DOCUMENTATION_COMMENTS = YES;
				CLANG_WARN_EMPTY_BODY = YES;
				CLANG_WARN_ENUM_CONVERSION = YES;
				CLANG_WARN_INFINITE_RECURSION = YES;
				CLANG_WARN_INT_CONVERSION = YES;
				CLANG_WARN_OBJC_ROOT_CLASS = YES_ERROR;
				CLANG_WARN_SUSPICIOUS_MOVE = YES;
				CLANG_WARN_UNREACHABLE_CODE = YES;
				CLANG_WARN__DUPLICATE_METHOD_MATCH = YES;
				"CODE_SIGN_IDENTITY[sdk=iphoneos*]" = "iPhone Developer";
				COPY_PHASE_STRIP = NO;
				DEBUG_INFORMATION_FORMAT = "dwarf-with-dsym";
				ENABLE_NS_ASSERTIONS = NO;
				ENABLE_STRICT_OBJC_MSGSEND = YES;
				GCC_C_LANGUAGE_STANDARD = gnu99;
				GCC_NO_COMMON_BLOCKS = YES;
				GCC_WARN_64_TO_32_BIT_CONVERSION = YES;
				GCC_WARN_ABOUT_RETURN_TYPE = YES_ERROR;
				GCC_WARN_UNDECLARED_SELECTOR = YES;
				GCC_WARN_UNINITIALIZED_AUTOS = YES_AGGRESSIVE;
				GCC_WARN_UNUSED_FUNCTION = YES;
				GCC_WARN_UNUSED_VARIABLE = YES;
				IPHONEOS_DEPLOYMENT_TARGET = 10.3;
				MTL_ENABLE_DEBUG_INFO = NO;
				SDKROOT = iphoneos;
				TARGETED_DEVICE_FAMILY = "1,2";
				VALIDATE_PRODUCT = YES;
			};
			name = Release;
		};
		C709DB2C1F4C1B7F001B5D62 /* Debug */ = {
			isa = XCBuildConfiguration;
			buildSettings = {
				ASSETCATALOG_COMPILER_APPICON_NAME = AppIcon;
				DEVELOPMENT_TEAM = W4T94USG8M;
				INFOPLIST_FILE = LeanWidget/Info.plist;
				LD_RUNPATH_SEARCH_PATHS = "$(inherited) @executable_path/Frameworks";
				PRODUCT_BUNDLE_IDENTIFIER = edu.geuni.LeanWidget;
				PRODUCT_NAME = "$(TARGET_NAME)";
			};
			name = Debug;
		};
		C709DB2D1F4C1B7F001B5D62 /* Release */ = {
			isa = XCBuildConfiguration;
			buildSettings = {
				ASSETCATALOG_COMPILER_APPICON_NAME = AppIcon;
				DEVELOPMENT_TEAM = W4T94USG8M;
				INFOPLIST_FILE = LeanWidget/Info.plist;
				LD_RUNPATH_SEARCH_PATHS = "$(inherited) @executable_path/Frameworks";
				PRODUCT_BUNDLE_IDENTIFIER = edu.geuni.LeanWidget;
				PRODUCT_NAME = "$(TARGET_NAME)";
			};
			name = Release;
		};
		C709DB2F1F4C1B7F001B5D62 /* Debug */ = {
			isa = XCBuildConfiguration;
			buildSettings = {
				BUNDLE_LOADER = "$(TEST_HOST)";
				DEVELOPMENT_TEAM = W4T94USG8M;
				INFOPLIST_FILE = LeanWidgetTests/Info.plist;
				LD_RUNPATH_SEARCH_PATHS = "$(inherited) @executable_path/Frameworks @loader_path/Frameworks";
				PRODUCT_BUNDLE_IDENTIFIER = edu.geuni.LeanWidgetTests;
				PRODUCT_NAME = "$(TARGET_NAME)";
				TEST_HOST = "$(BUILT_PRODUCTS_DIR)/LeanWidget.app/LeanWidget";
			};
			name = Debug;
		};
		C709DB301F4C1B7F001B5D62 /* Release */ = {
			isa = XCBuildConfiguration;
			buildSettings = {
				BUNDLE_LOADER = "$(TEST_HOST)";
				DEVELOPMENT_TEAM = W4T94USG8M;
				INFOPLIST_FILE = LeanWidgetTests/Info.plist;
				LD_RUNPATH_SEARCH_PATHS = "$(inherited) @executable_path/Frameworks @loader_path/Frameworks";
				PRODUCT_BUNDLE_IDENTIFIER = edu.geuni.LeanWidgetTests;
				PRODUCT_NAME = "$(TARGET_NAME)";
				TEST_HOST = "$(BUILT_PRODUCTS_DIR)/LeanWidget.app/LeanWidget";
			};
			name = Release;
		};
		C709DB321F4C1B7F001B5D62 /* Debug */ = {
			isa = XCBuildConfiguration;
			buildSettings = {
				DEVELOPMENT_TEAM = W4T94USG8M;
				INFOPLIST_FILE = LeanWidgetUITests/Info.plist;
				LD_RUNPATH_SEARCH_PATHS = "$(inherited) @executable_path/Frameworks @loader_path/Frameworks";
				PRODUCT_BUNDLE_IDENTIFIER = edu.geuni.LeanWidgetUITests;
				PRODUCT_NAME = "$(TARGET_NAME)";
				TEST_TARGET_NAME = LeanWidget;
			};
			name = Debug;
		};
		C709DB331F4C1B7F001B5D62 /* Release */ = {
			isa = XCBuildConfiguration;
			buildSettings = {
				DEVELOPMENT_TEAM = W4T94USG8M;
				INFOPLIST_FILE = LeanWidgetUITests/Info.plist;
				LD_RUNPATH_SEARCH_PATHS = "$(inherited) @executable_path/Frameworks @loader_path/Frameworks";
				PRODUCT_BUNDLE_IDENTIFIER = edu.geuni.LeanWidgetUITests;
				PRODUCT_NAME = "$(TARGET_NAME)";
				TEST_TARGET_NAME = LeanWidget;
			};
			name = Release;
		};
/* End XCBuildConfiguration section */

/* Begin XCConfigurationList section */
		C709DAF91F4C1B7F001B5D62 /* Build configuration list for PBXProject "LeanWidget" */ = {
			isa = XCConfigurationList;
			buildConfigurations = (
				C709DB291F4C1B7F001B5D62 /* Debug */,
				C709DB2A1F4C1B7F001B5D62 /* Release */,
			);
			defaultConfigurationIsVisible = 0;
			defaultConfigurationName = Release;
		};
		C709DB2B1F4C1B7F001B5D62 /* Build configuration list for PBXNativeTarget "LeanWidget" */ = {
			isa = XCConfigurationList;
			buildConfigurations = (
				C709DB2C1F4C1B7F001B5D62 /* Debug */,
				C709DB2D1F4C1B7F001B5D62 /* Release */,
			);
			defaultConfigurationIsVisible = 0;
		};
		C709DB2E1F4C1B7F001B5D62 /* Build configuration list for PBXNativeTarget "LeanWidgetTests" */ = {
			isa = XCConfigurationList;
			buildConfigurations = (
				C709DB2F1F4C1B7F001B5D62 /* Debug */,
				C709DB301F4C1B7F001B5D62 /* Release */,
			);
			defaultConfigurationIsVisible = 0;
		};
		C709DB311F4C1B7F001B5D62 /* Build configuration list for PBXNativeTarget "LeanWidgetUITests" */ = {
			isa = XCConfigurationList;
			buildConfigurations = (
				C709DB321F4C1B7F001B5D62 /* Debug */,
				C709DB331F4C1B7F001B5D62 /* Release */,
			);
			defaultConfigurationIsVisible = 0;
		};
/* End XCConfigurationList section */
	};
	rootObject = C709DAF61F4C1B7F001B5D62 /* Project object */;
}
